// !$*UTF8*$!
{
	archiveVersion = 1;
	classes = {
	};
	objectVersion = 51;
	objects = {

/* Begin PBXBuildFile section */
		0E85C9DC3224ACDFA36CF757 /* Pods_Parstagram_ParstagramUITests.framework in Frameworks */ = {isa = PBXBuildFile; fileRef = 6E08AF639188719129BF74E8 /* Pods_Parstagram_ParstagramUITests.framework */; };
		1CFD08F9272237A1007A4886 /* AppDelegate.swift in Sources */ = {isa = PBXBuildFile; fileRef = 1CFD08F8272237A1007A4886 /* AppDelegate.swift */; };
		1CFD08FB272237A1007A4886 /* SceneDelegate.swift in Sources */ = {isa = PBXBuildFile; fileRef = 1CFD08FA272237A1007A4886 /* SceneDelegate.swift */; };
		1CFD0900272237A1007A4886 /* Main.storyboard in Resources */ = {isa = PBXBuildFile; fileRef = 1CFD08FE272237A1007A4886 /* Main.storyboard */; };
		1CFD0902272237A3007A4886 /* Assets.xcassets in Resources */ = {isa = PBXBuildFile; fileRef = 1CFD0901272237A3007A4886 /* Assets.xcassets */; };
		1CFD0905272237A3007A4886 /* LaunchScreen.storyboard in Resources */ = {isa = PBXBuildFile; fileRef = 1CFD0903272237A3007A4886 /* LaunchScreen.storyboard */; };
		1CFD0910272237A3007A4886 /* ParstagramTests.swift in Sources */ = {isa = PBXBuildFile; fileRef = 1CFD090F272237A3007A4886 /* ParstagramTests.swift */; };
		1CFD091B272237A3007A4886 /* ParstagramUITests.swift in Sources */ = {isa = PBXBuildFile; fileRef = 1CFD091A272237A3007A4886 /* ParstagramUITests.swift */; };
		1CFD0929272240F1007A4886 /* LoginViewController.swift in Sources */ = {isa = PBXBuildFile; fileRef = 1CFD0928272240F1007A4886 /* LoginViewController.swift */; };
		1CFD092B2722410C007A4886 /* FeedViewController.swift in Sources */ = {isa = PBXBuildFile; fileRef = 1CFD092A2722410C007A4886 /* FeedViewController.swift */; };
		1CFD092D27224A49007A4886 /* CameraViewController.swift in Sources */ = {isa = PBXBuildFile; fileRef = 1CFD092C27224A49007A4886 /* CameraViewController.swift */; };
		1CFD092F27237CB2007A4886 /* PostCell.swift in Sources */ = {isa = PBXBuildFile; fileRef = 1CFD092E27237CB2007A4886 /* PostCell.swift */; };
		5A2BDAA911CD9778C53573E1 /* Pods_Parstagram.framework in Frameworks */ = {isa = PBXBuildFile; fileRef = 69AEF1ED6032BB3563EE9510 /* Pods_Parstagram.framework */; };
		80BE5E083D07171916F7AAB9 /* Pods_ParstagramTests.framework in Frameworks */ = {isa = PBXBuildFile; fileRef = BEE9F26B04F461715C23EA84 /* Pods_ParstagramTests.framework */; };
/* End PBXBuildFile section */

/* Begin PBXContainerItemProxy section */
		1CFD090C272237A3007A4886 /* PBXContainerItemProxy */ = {
			isa = PBXContainerItemProxy;
			containerPortal = 1CFD08ED272237A1007A4886 /* Project object */;
			proxyType = 1;
			remoteGlobalIDString = 1CFD08F4272237A1007A4886;
			remoteInfo = Parstagram;
		};
		1CFD0917272237A3007A4886 /* PBXContainerItemProxy */ = {
			isa = PBXContainerItemProxy;
			containerPortal = 1CFD08ED272237A1007A4886 /* Project object */;
			proxyType = 1;
			remoteGlobalIDString = 1CFD08F4272237A1007A4886;
			remoteInfo = Parstagram;
		};
/* End PBXContainerItemProxy section */

/* Begin PBXFileReference section */
		0CB76A8F3A6CD22A64B3135C /* Pods-ParstagramTests.release.xcconfig */ = {isa = PBXFileReference; includeInIndex = 1; lastKnownFileType = text.xcconfig; name = "Pods-ParstagramTests.release.xcconfig"; path = "Target Support Files/Pods-ParstagramTests/Pods-ParstagramTests.release.xcconfig"; sourceTree = "<group>"; };
		1CFD08F5272237A1007A4886 /* Parstagram.app */ = {isa = PBXFileReference; explicitFileType = wrapper.application; includeInIndex = 0; path = Parstagram.app; sourceTree = BUILT_PRODUCTS_DIR; };
		1CFD08F8272237A1007A4886 /* AppDelegate.swift */ = {isa = PBXFileReference; lastKnownFileType = sourcecode.swift; path = AppDelegate.swift; sourceTree = "<group>"; };
		1CFD08FA272237A1007A4886 /* SceneDelegate.swift */ = {isa = PBXFileReference; lastKnownFileType = sourcecode.swift; path = SceneDelegate.swift; sourceTree = "<group>"; };
		1CFD08FF272237A1007A4886 /* Base */ = {isa = PBXFileReference; lastKnownFileType = file.storyboard; name = Base; path = Base.lproj/Main.storyboard; sourceTree = "<group>"; };
		1CFD0901272237A3007A4886 /* Assets.xcassets */ = {isa = PBXFileReference; lastKnownFileType = folder.assetcatalog; path = Assets.xcassets; sourceTree = "<group>"; };
		1CFD0904272237A3007A4886 /* Base */ = {isa = PBXFileReference; lastKnownFileType = file.storyboard; name = Base; path = Base.lproj/LaunchScreen.storyboard; sourceTree = "<group>"; };
		1CFD0906272237A3007A4886 /* Info.plist */ = {isa = PBXFileReference; lastKnownFileType = text.plist.xml; path = Info.plist; sourceTree = "<group>"; };
		1CFD090B272237A3007A4886 /* ParstagramTests.xctest */ = {isa = PBXFileReference; explicitFileType = wrapper.cfbundle; includeInIndex = 0; path = ParstagramTests.xctest; sourceTree = BUILT_PRODUCTS_DIR; };
		1CFD090F272237A3007A4886 /* ParstagramTests.swift */ = {isa = PBXFileReference; lastKnownFileType = sourcecode.swift; path = ParstagramTests.swift; sourceTree = "<group>"; };
		1CFD0911272237A3007A4886 /* Info.plist */ = {isa = PBXFileReference; lastKnownFileType = text.plist.xml; path = Info.plist; sourceTree = "<group>"; };
		1CFD0916272237A3007A4886 /* ParstagramUITests.xctest */ = {isa = PBXFileReference; explicitFileType = wrapper.cfbundle; includeInIndex = 0; path = ParstagramUITests.xctest; sourceTree = BUILT_PRODUCTS_DIR; };
		1CFD091A272237A3007A4886 /* ParstagramUITests.swift */ = {isa = PBXFileReference; lastKnownFileType = sourcecode.swift; path = ParstagramUITests.swift; sourceTree = "<group>"; };
		1CFD091C272237A3007A4886 /* Info.plist */ = {isa = PBXFileReference; lastKnownFileType = text.plist.xml; path = Info.plist; sourceTree = "<group>"; };
		1CFD0928272240F1007A4886 /* LoginViewController.swift */ = {isa = PBXFileReference; lastKnownFileType = sourcecode.swift; path = LoginViewController.swift; sourceTree = "<group>"; };
		1CFD092A2722410C007A4886 /* FeedViewController.swift */ = {isa = PBXFileReference; lastKnownFileType = sourcecode.swift; path = FeedViewController.swift; sourceTree = "<group>"; };
		1CFD092C27224A49007A4886 /* CameraViewController.swift */ = {isa = PBXFileReference; lastKnownFileType = sourcecode.swift; path = CameraViewController.swift; sourceTree = "<group>"; };
		1CFD092E27237CB2007A4886 /* PostCell.swift */ = {isa = PBXFileReference; lastKnownFileType = sourcecode.swift; path = PostCell.swift; sourceTree = "<group>"; };
		43A115764A95010BBE4F947B /* Pods-Parstagram-ParstagramUITests.release.xcconfig */ = {isa = PBXFileReference; includeInIndex = 1; lastKnownFileType = text.xcconfig; name = "Pods-Parstagram-ParstagramUITests.release.xcconfig"; path = "Target Support Files/Pods-Parstagram-ParstagramUITests/Pods-Parstagram-ParstagramUITests.release.xcconfig"; sourceTree = "<group>"; };
		4B4E2169B59C3C48473F4E51 /* Pods-Parstagram-ParstagramUITests.debug.xcconfig */ = {isa = PBXFileReference; includeInIndex = 1; lastKnownFileType = text.xcconfig; name = "Pods-Parstagram-ParstagramUITests.debug.xcconfig"; path = "Target Support Files/Pods-Parstagram-ParstagramUITests/Pods-Parstagram-ParstagramUITests.debug.xcconfig"; sourceTree = "<group>"; };
		4C7679E180535093CE666AE4 /* Pods-Parstagram.release.xcconfig */ = {isa = PBXFileReference; includeInIndex = 1; lastKnownFileType = text.xcconfig; name = "Pods-Parstagram.release.xcconfig"; path = "Target Support Files/Pods-Parstagram/Pods-Parstagram.release.xcconfig"; sourceTree = "<group>"; };
		69AEF1ED6032BB3563EE9510 /* Pods_Parstagram.framework */ = {isa = PBXFileReference; explicitFileType = wrapper.framework; includeInIndex = 0; path = Pods_Parstagram.framework; sourceTree = BUILT_PRODUCTS_DIR; };
		6E08AF639188719129BF74E8 /* Pods_Parstagram_ParstagramUITests.framework */ = {isa = PBXFileReference; explicitFileType = wrapper.framework; includeInIndex = 0; path = Pods_Parstagram_ParstagramUITests.framework; sourceTree = BUILT_PRODUCTS_DIR; };
		BB5A31F6ED2CC8F6239611E0 /* Pods-Parstagram.debug.xcconfig */ = {isa = PBXFileReference; includeInIndex = 1; lastKnownFileType = text.xcconfig; name = "Pods-Parstagram.debug.xcconfig"; path = "Target Support Files/Pods-Parstagram/Pods-Parstagram.debug.xcconfig"; sourceTree = "<group>"; };
		BEE9F26B04F461715C23EA84 /* Pods_ParstagramTests.framework */ = {isa = PBXFileReference; explicitFileType = wrapper.framework; includeInIndex = 0; path = Pods_ParstagramTests.framework; sourceTree = BUILT_PRODUCTS_DIR; };
		C92DA11FD949366C8A8C694F /* Pods-ParstagramTests.debug.xcconfig */ = {isa = PBXFileReference; includeInIndex = 1; lastKnownFileType = text.xcconfig; name = "Pods-ParstagramTests.debug.xcconfig"; path = "Target Support Files/Pods-ParstagramTests/Pods-ParstagramTests.debug.xcconfig"; sourceTree = "<group>"; };
/* End PBXFileReference section */

/* Begin PBXFrameworksBuildPhase section */
		1CFD08F2272237A1007A4886 /* Frameworks */ = {
			isa = PBXFrameworksBuildPhase;
			buildActionMask = 2147483647;
			files = (
				5A2BDAA911CD9778C53573E1 /* Pods_Parstagram.framework in Frameworks */,
			);
			runOnlyForDeploymentPostprocessing = 0;
		};
		1CFD0908272237A3007A4886 /* Frameworks */ = {
			isa = PBXFrameworksBuildPhase;
			buildActionMask = 2147483647;
			files = (
				80BE5E083D07171916F7AAB9 /* Pods_ParstagramTests.framework in Frameworks */,
			);
			runOnlyForDeploymentPostprocessing = 0;
		};
		1CFD0913272237A3007A4886 /* Frameworks */ = {
			isa = PBXFrameworksBuildPhase;
			buildActionMask = 2147483647;
			files = (
				0E85C9DC3224ACDFA36CF757 /* Pods_Parstagram_ParstagramUITests.framework in Frameworks */,
			);
			runOnlyForDeploymentPostprocessing = 0;
		};
/* End PBXFrameworksBuildPhase section */

/* Begin PBXGroup section */
		1CFD08EC272237A1007A4886 = {
			isa = PBXGroup;
			children = (
				1CFD08F7272237A1007A4886 /* Parstagram */,
				1CFD090E272237A3007A4886 /* ParstagramTests */,
				1CFD0919272237A3007A4886 /* ParstagramUITests */,
				1CFD08F6272237A1007A4886 /* Products */,
				94B84F7EBC0C57A51482254A /* Pods */,
				AB57C9E24DCD3ADED86011D8 /* Frameworks */,
			);
			sourceTree = "<group>";
		};
		1CFD08F6272237A1007A4886 /* Products */ = {
			isa = PBXGroup;
			children = (
				1CFD08F5272237A1007A4886 /* Parstagram.app */,
				1CFD090B272237A3007A4886 /* ParstagramTests.xctest */,
				1CFD0916272237A3007A4886 /* ParstagramUITests.xctest */,
			);
			name = Products;
			sourceTree = "<group>";
		};
		1CFD08F7272237A1007A4886 /* Parstagram */ = {
			isa = PBXGroup;
			children = (
				1CFD08F8272237A1007A4886 /* AppDelegate.swift */,
				1CFD08FA272237A1007A4886 /* SceneDelegate.swift */,
				1CFD08FE272237A1007A4886 /* Main.storyboard */,
				1CFD0901272237A3007A4886 /* Assets.xcassets */,
				1CFD0903272237A3007A4886 /* LaunchScreen.storyboard */,
				1CFD0906272237A3007A4886 /* Info.plist */,
				1CFD0928272240F1007A4886 /* LoginViewController.swift */,
				1CFD092A2722410C007A4886 /* FeedViewController.swift */,
				1CFD092C27224A49007A4886 /* CameraViewController.swift */,
				1CFD092E27237CB2007A4886 /* PostCell.swift */,
			);
			path = Parstagram;
			sourceTree = "<group>";
		};
		1CFD090E272237A3007A4886 /* ParstagramTests */ = {
			isa = PBXGroup;
			children = (
				1CFD090F272237A3007A4886 /* ParstagramTests.swift */,
				1CFD0911272237A3007A4886 /* Info.plist */,
			);
			path = ParstagramTests;
			sourceTree = "<group>";
		};
		1CFD0919272237A3007A4886 /* ParstagramUITests */ = {
			isa = PBXGroup;
			children = (
				1CFD091A272237A3007A4886 /* ParstagramUITests.swift */,
				1CFD091C272237A3007A4886 /* Info.plist */,
			);
			path = ParstagramUITests;
			sourceTree = "<group>";
		};
		94B84F7EBC0C57A51482254A /* Pods */ = {
			isa = PBXGroup;
			children = (
				BB5A31F6ED2CC8F6239611E0 /* Pods-Parstagram.debug.xcconfig */,
				4C7679E180535093CE666AE4 /* Pods-Parstagram.release.xcconfig */,
				4B4E2169B59C3C48473F4E51 /* Pods-Parstagram-ParstagramUITests.debug.xcconfig */,
				43A115764A95010BBE4F947B /* Pods-Parstagram-ParstagramUITests.release.xcconfig */,
				C92DA11FD949366C8A8C694F /* Pods-ParstagramTests.debug.xcconfig */,
				0CB76A8F3A6CD22A64B3135C /* Pods-ParstagramTests.release.xcconfig */,
			);
			path = Pods;
			sourceTree = "<group>";
		};
		AB57C9E24DCD3ADED86011D8 /* Frameworks */ = {
			isa = PBXGroup;
			children = (
				69AEF1ED6032BB3563EE9510 /* Pods_Parstagram.framework */,
				6E08AF639188719129BF74E8 /* Pods_Parstagram_ParstagramUITests.framework */,
				BEE9F26B04F461715C23EA84 /* Pods_ParstagramTests.framework */,
			);
			name = Frameworks;
			sourceTree = "<group>";
		};
/* End PBXGroup section */

/* Begin PBXNativeTarget section */
		1CFD08F4272237A1007A4886 /* Parstagram */ = {
			isa = PBXNativeTarget;
			buildConfigurationList = 1CFD091F272237A3007A4886 /* Build configuration list for PBXNativeTarget "Parstagram" */;
			buildPhases = (
				9DBC09C710F72E1A7E86AF32 /* [CP] Check Pods Manifest.lock */,
				1CFD08F1272237A1007A4886 /* Sources */,
				1CFD08F2272237A1007A4886 /* Frameworks */,
				1CFD08F3272237A1007A4886 /* Resources */,
				AFAECB8355BD567FA409467F /* [CP] Embed Pods Frameworks */,
			);
			buildRules = (
			);
			dependencies = (
			);
			name = Parstagram;
			productName = Parstagram;
			productReference = 1CFD08F5272237A1007A4886 /* Parstagram.app */;
			productType = "com.apple.product-type.application";
		};
		1CFD090A272237A3007A4886 /* ParstagramTests */ = {
			isa = PBXNativeTarget;
			buildConfigurationList = 1CFD0922272237A3007A4886 /* Build configuration list for PBXNativeTarget "ParstagramTests" */;
			buildPhases = (
				E2EE6C99408B4A13AAC38BEF /* [CP] Check Pods Manifest.lock */,
				1CFD0907272237A3007A4886 /* Sources */,
				1CFD0908272237A3007A4886 /* Frameworks */,
				1CFD0909272237A3007A4886 /* Resources */,
			);
			buildRules = (
			);
			dependencies = (
				1CFD090D272237A3007A4886 /* PBXTargetDependency */,
			);
			name = ParstagramTests;
			productName = ParstagramTests;
			productReference = 1CFD090B272237A3007A4886 /* ParstagramTests.xctest */;
			productType = "com.apple.product-type.bundle.unit-test";
		};
		1CFD0915272237A3007A4886 /* ParstagramUITests */ = {
			isa = PBXNativeTarget;
			buildConfigurationList = 1CFD0925272237A3007A4886 /* Build configuration list for PBXNativeTarget "ParstagramUITests" */;
			buildPhases = (
				70837EADBD2B41A67C9A237D /* [CP] Check Pods Manifest.lock */,
				1CFD0912272237A3007A4886 /* Sources */,
				1CFD0913272237A3007A4886 /* Frameworks */,
				1CFD0914272237A3007A4886 /* Resources */,
				19CD594F0EDA9F317C07C7E6 /* [CP] Embed Pods Frameworks */,
			);
			buildRules = (
			);
			dependencies = (
				1CFD0918272237A3007A4886 /* PBXTargetDependency */,
			);
			name = ParstagramUITests;
			productName = ParstagramUITests;
			productReference = 1CFD0916272237A3007A4886 /* ParstagramUITests.xctest */;
			productType = "com.apple.product-type.bundle.ui-testing";
		};
/* End PBXNativeTarget section */

/* Begin PBXProject section */
		1CFD08ED272237A1007A4886 /* Project object */ = {
			isa = PBXProject;
			attributes = {
				LastSwiftUpdateCheck = 1250;
				LastUpgradeCheck = 1250;
				TargetAttributes = {
					1CFD08F4272237A1007A4886 = {
						CreatedOnToolsVersion = 12.5.1;
					};
					1CFD090A272237A3007A4886 = {
						CreatedOnToolsVersion = 12.5.1;
						TestTargetID = 1CFD08F4272237A1007A4886;
					};
					1CFD0915272237A3007A4886 = {
						CreatedOnToolsVersion = 12.5.1;
						TestTargetID = 1CFD08F4272237A1007A4886;
					};
				};
			};
			buildConfigurationList = 1CFD08F0272237A1007A4886 /* Build configuration list for PBXProject "Parstagram" */;
			compatibilityVersion = "Xcode 9.3";
			developmentRegion = en;
			hasScannedForEncodings = 0;
			knownRegions = (
				en,
				Base,
			);
			mainGroup = 1CFD08EC272237A1007A4886;
			productRefGroup = 1CFD08F6272237A1007A4886 /* Products */;
			projectDirPath = "";
			projectRoot = "";
			targets = (
				1CFD08F4272237A1007A4886 /* Parstagram */,
				1CFD090A272237A3007A4886 /* ParstagramTests */,
				1CFD0915272237A3007A4886 /* ParstagramUITests */,
			);
		};
/* End PBXProject section */

/* Begin PBXResourcesBuildPhase section */
		1CFD08F3272237A1007A4886 /* Resources */ = {
			isa = PBXResourcesBuildPhase;
			buildActionMask = 2147483647;
			files = (
				1CFD0905272237A3007A4886 /* LaunchScreen.storyboard in Resources */,
				1CFD0902272237A3007A4886 /* Assets.xcassets in Resources */,
				1CFD0900272237A1007A4886 /* Main.storyboard in Resources */,
			);
			runOnlyForDeploymentPostprocessing = 0;
		};
		1CFD0909272237A3007A4886 /* Resources */ = {
			isa = PBXResourcesBuildPhase;
			buildActionMask = 2147483647;
			files = (
			);
			runOnlyForDeploymentPostprocessing = 0;
		};
		1CFD0914272237A3007A4886 /* Resources */ = {
			isa = PBXResourcesBuildPhase;
			buildActionMask = 2147483647;
			files = (
			);
			runOnlyForDeploymentPostprocessing = 0;
		};
/* End PBXResourcesBuildPhase section */

/* Begin PBXShellScriptBuildPhase section */
		19CD594F0EDA9F317C07C7E6 /* [CP] Embed Pods Frameworks */ = {
			isa = PBXShellScriptBuildPhase;
			buildActionMask = 2147483647;
			files = (
			);
			inputFileListPaths = (
				"${PODS_ROOT}/Target Support Files/Pods-Parstagram-ParstagramUITests/Pods-Parstagram-ParstagramUITests-frameworks-${CONFIGURATION}-input-files.xcfilelist",
			);
			name = "[CP] Embed Pods Frameworks";
			outputFileListPaths = (
				"${PODS_ROOT}/Target Support Files/Pods-Parstagram-ParstagramUITests/Pods-Parstagram-ParstagramUITests-frameworks-${CONFIGURATION}-output-files.xcfilelist",
			);
			runOnlyForDeploymentPostprocessing = 0;
			shellPath = /bin/sh;
			shellScript = "\"${PODS_ROOT}/Target Support Files/Pods-Parstagram-ParstagramUITests/Pods-Parstagram-ParstagramUITests-frameworks.sh\"\n";
			showEnvVarsInLog = 0;
		};
		70837EADBD2B41A67C9A237D /* [CP] Check Pods Manifest.lock */ = {
			isa = PBXShellScriptBuildPhase;
			buildActionMask = 2147483647;
			files = (
			);
			inputFileListPaths = (
			);
			inputPaths = (
				"${PODS_PODFILE_DIR_PATH}/Podfile.lock",
				"${PODS_ROOT}/Manifest.lock",
			);
			name = "[CP] Check Pods Manifest.lock";
			outputFileListPaths = (
			);
			outputPaths = (
				"$(DERIVED_FILE_DIR)/Pods-Parstagram-ParstagramUITests-checkManifestLockResult.txt",
			);
			runOnlyForDeploymentPostprocessing = 0;
			shellPath = /bin/sh;
			shellScript = "diff \"${PODS_PODFILE_DIR_PATH}/Podfile.lock\" \"${PODS_ROOT}/Manifest.lock\" > /dev/null\nif [ $? != 0 ] ; then\n    # print error to STDERR\n    echo \"error: The sandbox is not in sync with the Podfile.lock. Run 'pod install' or update your CocoaPods installation.\" >&2\n    exit 1\nfi\n# This output is used by Xcode 'outputs' to avoid re-running this script phase.\necho \"SUCCESS\" > \"${SCRIPT_OUTPUT_FILE_0}\"\n";
			showEnvVarsInLog = 0;
		};
		9DBC09C710F72E1A7E86AF32 /* [CP] Check Pods Manifest.lock */ = {
			isa = PBXShellScriptBuildPhase;
			buildActionMask = 2147483647;
			files = (
			);
			inputFileListPaths = (
			);
			inputPaths = (
				"${PODS_PODFILE_DIR_PATH}/Podfile.lock",
				"${PODS_ROOT}/Manifest.lock",
			);
			name = "[CP] Check Pods Manifest.lock";
			outputFileListPaths = (
			);
			outputPaths = (
				"$(DERIVED_FILE_DIR)/Pods-Parstagram-checkManifestLockResult.txt",
			);
			runOnlyForDeploymentPostprocessing = 0;
			shellPath = /bin/sh;
			shellScript = "diff \"${PODS_PODFILE_DIR_PATH}/Podfile.lock\" \"${PODS_ROOT}/Manifest.lock\" > /dev/null\nif [ $? != 0 ] ; then\n    # print error to STDERR\n    echo \"error: The sandbox is not in sync with the Podfile.lock. Run 'pod install' or update your CocoaPods installation.\" >&2\n    exit 1\nfi\n# This output is used by Xcode 'outputs' to avoid re-running this script phase.\necho \"SUCCESS\" > \"${SCRIPT_OUTPUT_FILE_0}\"\n";
			showEnvVarsInLog = 0;
		};
		AFAECB8355BD567FA409467F /* [CP] Embed Pods Frameworks */ = {
			isa = PBXShellScriptBuildPhase;
			buildActionMask = 2147483647;
			files = (
			);
			inputFileListPaths = (
				"${PODS_ROOT}/Target Support Files/Pods-Parstagram/Pods-Parstagram-frameworks-${CONFIGURATION}-input-files.xcfilelist",
			);
			name = "[CP] Embed Pods Frameworks";
			outputFileListPaths = (
				"${PODS_ROOT}/Target Support Files/Pods-Parstagram/Pods-Parstagram-frameworks-${CONFIGURATION}-output-files.xcfilelist",
			);
			runOnlyForDeploymentPostprocessing = 0;
			shellPath = /bin/sh;
			shellScript = "\"${PODS_ROOT}/Target Support Files/Pods-Parstagram/Pods-Parstagram-frameworks.sh\"\n";
			showEnvVarsInLog = 0;
		};
		E2EE6C99408B4A13AAC38BEF /* [CP] Check Pods Manifest.lock */ = {
			isa = PBXShellScriptBuildPhase;
			buildActionMask = 2147483647;
			files = (
			);
			inputFileListPaths = (
			);
			inputPaths = (
				"${PODS_PODFILE_DIR_PATH}/Podfile.lock",
				"${PODS_ROOT}/Manifest.lock",
			);
			name = "[CP] Check Pods Manifest.lock";
			outputFileListPaths = (
			);
			outputPaths = (
				"$(DERIVED_FILE_DIR)/Pods-ParstagramTests-checkManifestLockResult.txt",
			);
			runOnlyForDeploymentPostprocessing = 0;
			shellPath = /bin/sh;
			shellScript = "diff \"${PODS_PODFILE_DIR_PATH}/Podfile.lock\" \"${PODS_ROOT}/Manifest.lock\" > /dev/null\nif [ $? != 0 ] ; then\n    # print error to STDERR\n    echo \"error: The sandbox is not in sync with the Podfile.lock. Run 'pod install' or update your CocoaPods installation.\" >&2\n    exit 1\nfi\n# This output is used by Xcode 'outputs' to avoid re-running this script phase.\necho \"SUCCESS\" > \"${SCRIPT_OUTPUT_FILE_0}\"\n";
			showEnvVarsInLog = 0;
		};
/* End PBXShellScriptBuildPhase section */

/* Begin PBXSourcesBuildPhase section */
		1CFD08F1272237A1007A4886 /* Sources */ = {
			isa = PBXSourcesBuildPhase;
			buildActionMask = 2147483647;
			files = (
				1CFD0929272240F1007A4886 /* LoginViewController.swift in Sources */,
				1CFD092D27224A49007A4886 /* CameraViewController.swift in Sources */,
				1CFD08F9272237A1007A4886 /* AppDelegate.swift in Sources */,
				1CFD092B2722410C007A4886 /* FeedViewController.swift in Sources */,
				1CFD08FB272237A1007A4886 /* SceneDelegate.swift in Sources */,
				1CFD092F27237CB2007A4886 /* PostCell.swift in Sources */,
			);
			runOnlyForDeploymentPostprocessing = 0;
		};
		1CFD0907272237A3007A4886 /* Sources */ = {
			isa = PBXSourcesBuildPhase;
			buildActionMask = 2147483647;
			files = (
				1CFD0910272237A3007A4886 /* ParstagramTests.swift in Sources */,
			);
			runOnlyForDeploymentPostprocessing = 0;
		};
		1CFD0912272237A3007A4886 /* Sources */ = {
			isa = PBXSourcesBuildPhase;
			buildActionMask = 2147483647;
			files = (
				1CFD091B272237A3007A4886 /* ParstagramUITests.swift in Sources */,
			);
			runOnlyForDeploymentPostprocessing = 0;
		};
/* End PBXSourcesBuildPhase section */

/* Begin PBXTargetDependency section */
		1CFD090D272237A3007A4886 /* PBXTargetDependency */ = {
			isa = PBXTargetDependency;
			target = 1CFD08F4272237A1007A4886 /* Parstagram */;
			targetProxy = 1CFD090C272237A3007A4886 /* PBXContainerItemProxy */;
		};
		1CFD0918272237A3007A4886 /* PBXTargetDependency */ = {
			isa = PBXTargetDependency;
			target = 1CFD08F4272237A1007A4886 /* Parstagram */;
			targetProxy = 1CFD0917272237A3007A4886 /* PBXContainerItemProxy */;
		};
/* End PBXTargetDependency section */

/* Begin PBXVariantGroup section */
		1CFD08FE272237A1007A4886 /* Main.storyboard */ = {
			isa = PBXVariantGroup;
			children = (
				1CFD08FF272237A1007A4886 /* Base */,
			);
			name = Main.storyboard;
			sourceTree = "<group>";
		};
		1CFD0903272237A3007A4886 /* LaunchScreen.storyboard */ = {
			isa = PBXVariantGroup;
			children = (
				1CFD0904272237A3007A4886 /* Base */,
			);
			name = LaunchScreen.storyboard;
			sourceTree = "<group>";
		};
/* End PBXVariantGroup section */

/* Begin XCBuildConfiguration section */
		1CFD091D272237A3007A4886 /* Debug */ = {
			isa = XCBuildConfiguration;
			buildSettings = {
				ALWAYS_SEARCH_USER_PATHS = NO;
				CLANG_ANALYZER_NONNULL = YES;
				CLANG_ANALYZER_NUMBER_OBJECT_CONVERSION = YES_AGGRESSIVE;
				CLANG_CXX_LANGUAGE_STANDARD = "gnu++14";
				CLANG_CXX_LIBRARY = "libc++";
				CLANG_ENABLE_MODULES = YES;
				CLANG_ENABLE_OBJC_ARC = YES;
				CLANG_ENABLE_OBJC_WEAK = YES;
				CLANG_WARN_BLOCK_CAPTURE_AUTORELEASING = YES;
				CLANG_WARN_BOOL_CONVERSION = YES;
				CLANG_WARN_COMMA = YES;
				CLANG_WARN_CONSTANT_CONVERSION = YES;
				CLANG_WARN_DEPRECATED_OBJC_IMPLEMENTATIONS = YES;
				CLANG_WARN_DIRECT_OBJC_ISA_USAGE = YES_ERROR;
				CLANG_WARN_DOCUMENTATION_COMMENTS = YES;
				CLANG_WARN_EMPTY_BODY = YES;
				CLANG_WARN_ENUM_CONVERSION = YES;
				CLANG_WARN_INFINITE_RECURSION = YES;
				CLANG_WARN_INT_CONVERSION = YES;
				CLANG_WARN_NON_LITERAL_NULL_CONVERSION = YES;
				CLANG_WARN_OBJC_IMPLICIT_RETAIN_SELF = YES;
				CLANG_WARN_OBJC_LITERAL_CONVERSION = YES;
				CLANG_WARN_OBJC_ROOT_CLASS = YES_ERROR;
				CLANG_WARN_QUOTED_INCLUDE_IN_FRAMEWORK_HEADER = YES;
				CLANG_WARN_RANGE_LOOP_ANALYSIS = YES;
				CLANG_WARN_STRICT_PROTOTYPES = YES;
				CLANG_WARN_SUSPICIOUS_MOVE = YES;
				CLANG_WARN_UNGUARDED_AVAILABILITY = YES_AGGRESSIVE;
				CLANG_WARN_UNREACHABLE_CODE = YES;
				CLANG_WARN__DUPLICATE_METHOD_MATCH = YES;
				COPY_PHASE_STRIP = NO;
				DEBUG_INFORMATION_FORMAT = dwarf;
				ENABLE_STRICT_OBJC_MSGSEND = YES;
				ENABLE_TESTABILITY = YES;
				GCC_C_LANGUAGE_STANDARD = gnu11;
				GCC_DYNAMIC_NO_PIC = NO;
				GCC_NO_COMMON_BLOCKS = YES;
				GCC_OPTIMIZATION_LEVEL = 0;
				GCC_PREPROCESSOR_DEFINITIONS = (
					"DEBUG=1",
					"$(inherited)",
				);
				GCC_WARN_64_TO_32_BIT_CONVERSION = YES;
				GCC_WARN_ABOUT_RETURN_TYPE = YES_ERROR;
				GCC_WARN_UNDECLARED_SELECTOR = YES;
				GCC_WARN_UNINITIALIZED_AUTOS = YES_AGGRESSIVE;
				GCC_WARN_UNUSED_FUNCTION = YES;
				GCC_WARN_UNUSED_VARIABLE = YES;
				IPHONEOS_DEPLOYMENT_TARGET = 14.5;
				MTL_ENABLE_DEBUG_INFO = INCLUDE_SOURCE;
				MTL_FAST_MATH = YES;
				ONLY_ACTIVE_ARCH = YES;
				SDKROOT = iphoneos;
				SWIFT_ACTIVE_COMPILATION_CONDITIONS = DEBUG;
				SWIFT_OPTIMIZATION_LEVEL = "-Onone";
			};
			name = Debug;
		};
		1CFD091E272237A3007A4886 /* Release */ = {
			isa = XCBuildConfiguration;
			buildSettings = {
				ALWAYS_SEARCH_USER_PATHS = NO;
				CLANG_ANALYZER_NONNULL = YES;
				CLANG_ANALYZER_NUMBER_OBJECT_CONVERSION = YES_AGGRESSIVE;
				CLANG_CXX_LANGUAGE_STANDARD = "gnu++14";
				CLANG_CXX_LIBRARY = "libc++";
				CLANG_ENABLE_MODULES = YES;
				CLANG_ENABLE_OBJC_ARC = YES;
				CLANG_ENABLE_OBJC_WEAK = YES;
				CLANG_WARN_BLOCK_CAPTURE_AUTORELEASING = YES;
				CLANG_WARN_BOOL_CONVERSION = YES;
				CLANG_WARN_COMMA = YES;
				CLANG_WARN_CONSTANT_CONVERSION = YES;
				CLANG_WARN_DEPRECATED_OBJC_IMPLEMENTATIONS = YES;
				CLANG_WARN_DIRECT_OBJC_ISA_USAGE = YES_ERROR;
				CLANG_WARN_DOCUMENTATION_COMMENTS = YES;
				CLANG_WARN_EMPTY_BODY = YES;
				CLANG_WARN_ENUM_CONVERSION = YES;
				CLANG_WARN_INFINITE_RECURSION = YES;
				CLANG_WARN_INT_CONVERSION = YES;
				CLANG_WARN_NON_LITERAL_NULL_CONVERSION = YES;
				CLANG_WARN_OBJC_IMPLICIT_RETAIN_SELF = YES;
				CLANG_WARN_OBJC_LITERAL_CONVERSION = YES;
				CLANG_WARN_OBJC_ROOT_CLASS = YES_ERROR;
				CLANG_WARN_QUOTED_INCLUDE_IN_FRAMEWORK_HEADER = YES;
				CLANG_WARN_RANGE_LOOP_ANALYSIS = YES;
				CLANG_WARN_STRICT_PROTOTYPES = YES;
				CLANG_WARN_SUSPICIOUS_MOVE = YES;
				CLANG_WARN_UNGUARDED_AVAILABILITY = YES_AGGRESSIVE;
				CLANG_WARN_UNREACHABLE_CODE = YES;
				CLANG_WARN__DUPLICATE_METHOD_MATCH = YES;
				COPY_PHASE_STRIP = NO;
				DEBUG_INFORMATION_FORMAT = "dwarf-with-dsym";
				ENABLE_NS_ASSERTIONS = NO;
				ENABLE_STRICT_OBJC_MSGSEND = YES;
				GCC_C_LANGUAGE_STANDARD = gnu11;
				GCC_NO_COMMON_BLOCKS = YES;
				GCC_WARN_64_TO_32_BIT_CONVERSION = YES;
				GCC_WARN_ABOUT_RETURN_TYPE = YES_ERROR;
				GCC_WARN_UNDECLARED_SELECTOR = YES;
				GCC_WARN_UNINITIALIZED_AUTOS = YES_AGGRESSIVE;
				GCC_WARN_UNUSED_FUNCTION = YES;
				GCC_WARN_UNUSED_VARIABLE = YES;
				IPHONEOS_DEPLOYMENT_TARGET = 14.5;
				MTL_ENABLE_DEBUG_INFO = NO;
				MTL_FAST_MATH = YES;
				SDKROOT = iphoneos;
				SWIFT_COMPILATION_MODE = wholemodule;
				SWIFT_OPTIMIZATION_LEVEL = "-O";
				VALIDATE_PRODUCT = YES;
			};
			name = Release;
		};
		1CFD0920272237A3007A4886 /* Debug */ = {
			isa = XCBuildConfiguration;
			baseConfigurationReference = BB5A31F6ED2CC8F6239611E0 /* Pods-Parstagram.debug.xcconfig */;
			buildSettings = {
				ASSETCATALOG_COMPILER_APPICON_NAME = AppIcon;
				ASSETCATALOG_COMPILER_GLOBAL_ACCENT_COLOR_NAME = AccentColor;
				CODE_SIGN_STYLE = Automatic;
				DEVELOPMENT_TEAM = 4FL2893A79;
				INFOPLIST_FILE = Parstagram/Info.plist;
				LD_RUNPATH_SEARCH_PATHS = (
					"$(inherited)",
					"@executable_path/Frameworks",
				);
				PRODUCT_BUNDLE_IDENTIFIER = com.codepath.Parstagram;
				PRODUCT_NAME = "$(TARGET_NAME)";
				SWIFT_VERSION = 5.0;
				TARGETED_DEVICE_FAMILY = "1,2";
			};
			name = Debug;
		};
		1CFD0921272237A3007A4886 /* Release */ = {
			isa = XCBuildConfiguration;
			baseConfigurationReference = 4C7679E180535093CE666AE4 /* Pods-Parstagram.release.xcconfig */;
			buildSettings = {
				ASSETCATALOG_COMPILER_APPICON_NAME = AppIcon;
				ASSETCATALOG_COMPILER_GLOBAL_ACCENT_COLOR_NAME = AccentColor;
				CODE_SIGN_STYLE = Automatic;
				DEVELOPMENT_TEAM = 4FL2893A79;
				INFOPLIST_FILE = Parstagram/Info.plist;
				LD_RUNPATH_SEARCH_PATHS = (
					"$(inherited)",
					"@executable_path/Frameworks",
				);
				PRODUCT_BUNDLE_IDENTIFIER = com.codepath.Parstagram;
				PRODUCT_NAME = "$(TARGET_NAME)";
				SWIFT_VERSION = 5.0;
				TARGETED_DEVICE_FAMILY = "1,2";
			};
			name = Release;
		};
		1CFD0923272237A3007A4886 /* Debug */ = {
			isa = XCBuildConfiguration;
			baseConfigurationReference = C92DA11FD949366C8A8C694F /* Pods-ParstagramTests.debug.xcconfig */;
			buildSettings = {
				ALWAYS_EMBED_SWIFT_STANDARD_LIBRARIES = YES;
				BUNDLE_LOADER = "$(TEST_HOST)";
				CODE_SIGN_STYLE = Automatic;
				DEVELOPMENT_TEAM = 4FL2893A79;
				INFOPLIST_FILE = ParstagramTests/Info.plist;
				IPHONEOS_DEPLOYMENT_TARGET = 14.5;
				LD_RUNPATH_SEARCH_PATHS = (
					"$(inherited)",
					"@executable_path/Frameworks",
					"@loader_path/Frameworks",
				);
				PRODUCT_BUNDLE_IDENTIFIER = com.codepath.ParstagramTests;
				PRODUCT_NAME = "$(TARGET_NAME)";
				SWIFT_VERSION = 5.0;
				TARGETED_DEVICE_FAMILY = "1,2";
				TEST_HOST = "$(BUILT_PRODUCTS_DIR)/Parstagram.app/Parstagram";
			};
			name = Debug;
		};
		1CFD0924272237A3007A4886 /* Release */ = {
			isa = XCBuildConfiguration;
			baseConfigurationReference = 0CB76A8F3A6CD22A64B3135C /* Pods-ParstagramTests.release.xcconfig */;
			buildSettings = {
				ALWAYS_EMBED_SWIFT_STANDARD_LIBRARIES = YES;
				BUNDLE_LOADER = "$(TEST_HOST)";
				CODE_SIGN_STYLE = Automatic;
				DEVELOPMENT_TEAM = 4FL2893A79;
				INFOPLIST_FILE = ParstagramTests/Info.plist;
				IPHONEOS_DEPLOYMENT_TARGET = 14.5;
				LD_RUNPATH_SEARCH_PATHS = (
					"$(inherited)",
					"@executable_path/Frameworks",
					"@loader_path/Frameworks",
				);
				PRODUCT_BUNDLE_IDENTIFIER = com.codepath.ParstagramTests;
				PRODUCT_NAME = "$(TARGET_NAME)";
				SWIFT_VERSION = 5.0;
				TARGETED_DEVICE_FAMILY = "1,2";
				TEST_HOST = "$(BUILT_PRODUCTS_DIR)/Parstagram.app/Parstagram";
			};
			name = Release;
		};
		1CFD0926272237A3007A4886 /* Debug */ = {
			isa = XCBuildConfiguration;
			baseConfigurationReference = 4B4E2169B59C3C48473F4E51 /* Pods-Parstagram-ParstagramUITests.debug.xcconfig */;
			buildSettings = {
				ALWAYS_EMBED_SWIFT_STANDARD_LIBRARIES = YES;
				CODE_SIGN_STYLE = Automatic;
				DEVELOPMENT_TEAM = 4FL2893A79;
				INFOPLIST_FILE = ParstagramUITests/Info.plist;
				LD_RUNPATH_SEARCH_PATHS = (
					"$(inherited)",
					"@executable_path/Frameworks",
					"@loader_path/Frameworks",
				);
				PRODUCT_BUNDLE_IDENTIFIER = com.codepath.ParstagramUITests;
				PRODUCT_NAME = "$(TARGET_NAME)";
				SWIFT_VERSION = 5.0;
				TARGETED_DEVICE_FAMILY = "1,2";
				TEST_TARGET_NAME = Parstagram;
			};
			name = Debug;
		};
		1CFD0927272237A3007A4886 /* Release */ = {
			isa = XCBuildConfiguration;
			baseConfigurationReference = 43A115764A95010BBE4F947B /* Pods-Parstagram-ParstagramUITests.release.xcconfig */;
			buildSettings = {
				ALWAYS_EMBED_SWIFT_STANDARD_LIBRARIES = YES;
				CODE_SIGN_STYLE = Automatic;
				DEVELOPMENT_TEAM = 4FL2893A79;
				INFOPLIST_FILE = ParstagramUITests/Info.plist;
				LD_RUNPATH_SEARCH_PATHS = (
					"$(inherited)",
					"@executable_path/Frameworks",
					"@loader_path/Frameworks",
				);
				PRODUCT_BUNDLE_IDENTIFIER = com.codepath.ParstagramUITests;
				PRODUCT_NAME = "$(TARGET_NAME)";
				SWIFT_VERSION = 5.0;
				TARGETED_DEVICE_FAMILY = "1,2";
				TEST_TARGET_NAME = Parstagram;
			};
			name = Release;
		};
/* End XCBuildConfiguration section */

/* Begin XCConfigurationList section */
		1CFD08F0272237A1007A4886 /* Build configuration list for PBXProject "Parstagram" */ = {
			isa = XCConfigurationList;
			buildConfigurations = (
				1CFD091D272237A3007A4886 /* Debug */,
				1CFD091E272237A3007A4886 /* Release */,
			);
			defaultConfigurationIsVisible = 0;
			defaultConfigurationName = Release;
		};
		1CFD091F272237A3007A4886 /* Build configuration list for PBXNativeTarget "Parstagram" */ = {
			isa = XCConfigurationList;
			buildConfigurations = (
				1CFD0920272237A3007A4886 /* Debug */,
				1CFD0921272237A3007A4886 /* Release */,
			);
			defaultConfigurationIsVisible = 0;
			defaultConfigurationName = Release;
		};
		1CFD0922272237A3007A4886 /* Build configuration list for PBXNativeTarget "ParstagramTests" */ = {
			isa = XCConfigurationList;
			buildConfigurations = (
				1CFD0923272237A3007A4886 /* Debug */,
				1CFD0924272237A3007A4886 /* Release */,
			);
			defaultConfigurationIsVisible = 0;
			defaultConfigurationName = Release;
		};
		1CFD0925272237A3007A4886 /* Build configuration list for PBXNativeTarget "ParstagramUITests" */ = {
			isa = XCConfigurationList;
			buildConfigurations = (
				1CFD0926272237A3007A4886 /* Debug */,
				1CFD0927272237A3007A4886 /* Release */,
			);
			defaultConfigurationIsVisible = 0;
			defaultConfigurationName = Release;
		};
/* End XCConfigurationList section */
	};
	rootObject = 1CFD08ED272237A1007A4886 /* Project object */;
}
